
Microsoft Visual Studio Solution File, Format Version 12.00
# Visual Studio 15
VisualStudioVersion = 15.0.26730.16
MinimumVisualStudioVersion = 10.0.40219.1
Project("{FAE04EC0-301F-11D3-BF4B-00C04F79EFBC}") = "CodingDoJo3", "CodingDoJo3\CodingDoJo3.csproj", "{92CBD48B-A1E4-42DA-8FCE-9E3E848C96D1}"
EndProject
Global
	GlobalSection(SolutionConfigurationPlatforms) = preSolution
		Debug|Any CPU = Debug|Any CPU
		Release|Any CPU = Release|Any CPU
	EndGlobalSection
	GlobalSection(ProjectConfigurationPlatforms) = postSolution
		{92CBD48B-A1E4-42DA-8FCE-9E3E848C96D1}.Debug|Any CPU.ActiveCfg = Debug|Any CPU
		{92CBD48B-A1E4-42DA-8FCE-9E3E848C96D1}.Debug|Any CPU.Build.0 = Debug|Any CPU
		{92CBD48B-A1E4-42DA-8FCE-9E3E848C96D1}.Release|Any CPU.ActiveCfg = Release|Any CPU
		{92CBD48B-A1E4-42DA-8FCE-9E3E848C96D1}.Release|Any CPU.Build.0 = Release|Any CPU
	EndGlobalSection
	GlobalSection(SolutionProperties) = preSolution
		HideSolutionNode = FALSE
	EndGlobalSection
	GlobalSection(ExtensibilityGlobals) = postSolution
		SolutionGuid = {37BF7611-1A57-48A4-A3DF-90DA7F90AC67}
	EndGlobalSection
EndGlobal
